uuid: d21834e7-d7bb-40ef-a9a6-e0eccb2e830e
langcode: en
status: true
dependencies:
  module:
    - rsvplist
  theme:
    - olivero
id: thersvpblock
theme: olivero
region: sidebar
weight: -7
provider: null
plugin: rsvp_block
settings:
  id: rsvp_block
  label: 'The RSVP Block'
  label_display: visible
  provider: rsvplist
visibility: {  }
